Microsoft Visual Studio Solution File, Format Version 12.00
# Visual Studio Version 17
VisualStudioVersion = 17.5.2.0
MinimumVisualStudioVersion = 10.0.40219.1
Project("{FAE04EC0-301F-11D3-BF4B-00C04F79EFBC}") = "gspro-r10", "gspro-r10.csproj", "{B7783853-06E1-9C36-6281-CC98A155897E}"
EndProject
Global
	GlobalSection(SolutionConfigurationPlatforms) = preSolution
		Debug|Any CPU = Debug|Any CPU
		Release|Any CPU = Release|Any CPU
	EndGlobalSection
	GlobalSection(ProjectConfigurationPlatforms) = postSolution
		{B7783853-06E1-9C36-6281-CC98A155897E}.Debug|Any CPU.ActiveCfg = Debug|Any CPU
		{B7783853-06E1-9C36-6281-CC98A155897E}.Debug|Any CPU.Build.0 = Debug|Any CPU
		{B7783853-06E1-9C36-6281-CC98A155897E}.Release|Any CPU.ActiveCfg = Release|Any CPU
		{B7783853-06E1-9C36-6281-CC98A155897E}.Release|Any CPU.Build.0 = Release|Any CPU
	EndGlobalSection
	GlobalSection(SolutionProperties) = preSolution
		HideSolutionNode = FALSE
	EndGlobalSection
	GlobalSection(ExtensibilityGlobals) = postSolution
		SolutionGuid = {0D355536-26C2-4802-883E-2B97F7A779A2}
	EndGlobalSection
EndGlobal
